
Microsoft Visual Studio Solution File, Format Version 12.00
# Visual Studio Version 16
VisualStudioVersion = 16.0.31515.178
MinimumVisualStudioVersion = 10.0.40219.1
Project("{9A19103F-16F7-4668-BE54-9A1E7A4F7556}") = "Parser", "Parser\Parser.csproj", "{847318E5-5B18-4447-B2F5-982314C318DD}"
EndProject
Project("{9A19103F-16F7-4668-BE54-9A1E7A4F7556}") = "Parser.Tests", "Parser.Tests\Parser.Tests.csproj", "{7288530D-0CAE-4E52-8847-D1169643E9DF}"
EndProject
Global
	GlobalSection(SolutionConfigurationPlatforms) = preSolution
		Debug|Any CPU = Debug|Any CPU
		Release|Any CPU = Release|Any CPU
	EndGlobalSection
	GlobalSection(ProjectConfigurationPlatforms) = postSolution
		{847318E5-5B18-4447-B2F5-982314C318DD}.Debug|Any CPU.ActiveCfg = Debug|Any CPU
		{847318E5-5B18-4447-B2F5-982314C318DD}.Debug|Any CPU.Build.0 = Debug|Any CPU
		{847318E5-5B18-4447-B2F5-982314C318DD}.Release|Any CPU.ActiveCfg = Release|Any CPU
		{847318E5-5B18-4447-B2F5-982314C318DD}.Release|Any CPU.Build.0 = Release|Any CPU
		{7288530D-0CAE-4E52-8847-D1169643E9DF}.Debug|Any CPU.ActiveCfg = Debug|Any CPU
		{7288530D-0CAE-4E52-8847-D1169643E9DF}.Debug|Any CPU.Build.0 = Debug|Any CPU
		{7288530D-0CAE-4E52-8847-D1169643E9DF}.Release|Any CPU.ActiveCfg = Release|Any CPU
		{7288530D-0CAE-4E52-8847-D1169643E9DF}.Release|Any CPU.Build.0 = Release|Any CPU
	EndGlobalSection
	GlobalSection(SolutionProperties) = preSolution
		HideSolutionNode = FALSE
	EndGlobalSection
	GlobalSection(ExtensibilityGlobals) = postSolution
		SolutionGuid = {746C1BBF-28DC-46EA-A81F-8FB81B497BAF}
	EndGlobalSection
EndGlobal
